{
  "name": "myapp",
  "version": "1.0.0",
  "lockfileVersion": 1,
  "requires": true,
  "dependencies": {
    "dayjs": {
      "version": "1.11.10",
      "resolved": "https://registry.npmmirror.com/dayjs/-/dayjs-1.11.10.tgz",
      "integrity": "sha512-vjAczensTgRcqDERK0SR2XMwsF/tSvnvlv6VcF2GIhg6Sx4yOIt/irsr1RDJsKiIyBzJDpCoXiWWq28MqH2cnQ=="
    },
    "tdesign-miniprogram": {
      "version": "1.2.6",
      "resolved": "https://registry.npmmirror.com/tdesign-miniprogram/-/tdesign-miniprogram-1.2.6.tgz",
      "integrity": "sha512-uz8pc0RaTbvIKgnx3Dk0OAkQo8LRwMk+20opinEfzX+qlnAy89/2FG+1G3Ie+lHkncvLFMPfPRG1UyBCZhn+ZQ==",
      "requires": {
        "dayjs": "^1.10.7"
      }
    }
  }
}
